<?xml version="1.0" encoding="utf-8"?>
<Project ToolsVersion="4.0" xmlns="http://schemas.microsoft.com/developer/msbuild/2003">
  <ItemGroup>
    <Filter Include="Source Files">
      <UniqueIdentifier>{4FC737F1-C7A5-4376-A066-2A32D752A2FF}</UniqueIdentifier>
      <Extensions>cpp;c;cc;cxx;def;odl;idl;hpj;bat;asm;asmx</Extensions>
    </Filter>
    <Filter Include="Header Files">
      <UniqueIdentifier>{93995380-89BD-4b04-88EB-625FBE52EBFB}</UniqueIdentifier>
      <Extensions>h;hpp;hxx;hm;inl;inc;xsd</Extensions>
    </Filter>
    <Filter Include="Resource Files">
      <UniqueIdentifier>{67DA6AB6-F800-4c08-8B7A-83BB121AAD01}</UniqueIdentifier>
      <Extensions>rc;ico;cur;bmp;dlg;rc2;rct;bin;rgs;gif;jpg;jpeg;jpe;resx;tiff;tif;png;wav;mfcribbon-ms</Extensions>
    </Filter>
    <Filter Include="Header Files\chat">
      <UniqueIdentifier>{c0fbe7c9-e813-45bc-a754-d0ea8065a955}</UniqueIdentifier>
    </Filter>
    <Filter Include="Header Files\chat\server">
      <UniqueIdentifier>{1c454e25-015c-4d2d-8cbf-f0f91ed91843}</UniqueIdentifier>
    </Filter>
    <Filter Include="Header Files\chat\client">
      <UniqueIdentifier>{d2cd7a30-306b-4363-a2ae-93b83719320e}</UniqueIdentifier>
    </Filter>
    <Filter Include="Source Files\chat">
      <UniqueIdentifier>{c47bd814-83b4-4fb2-b544-3db16ba2922d}</UniqueIdentifier>
    </Filter>
    <Filter Include="Source Files\chat\server">
      <UniqueIdentifier>{857d17c4-9008-4af1-9911-b59133157fed}</UniqueIdentifier>
    </Filter>
    <Filter Include="Source Files\chat\client">
      <UniqueIdentifier>{d84e37fa-3e27-43f1-a28a-cb06729b4d3d}</UniqueIdentifier>
    </Filter>
    <Filter Include="Header Files\libs">
      <UniqueIdentifier>{cb4805d0-98cb-4d88-a3fc-7acdc2101980}</UniqueIdentifier>
    </Filter>
    <Filter Include="Header Files\libs\json">
      <UniqueIdentifier>{5c621a7e-3270-4208-af1e-6bbd42729519}</UniqueIdentifier>
    </Filter>
    <Filter Include="Source Files\libs">
      <UniqueIdentifier>{0907db1b-8546-44f8-9a0d-7c94d469260f}</UniqueIdentifier>
    </Filter>
    <Filter Include="Source Files\libs\json">
      <UniqueIdentifier>{6aa37875-9978-4701-9a49-b686ee0410e2}</UniqueIdentifier>
    </Filter>
  </ItemGroup>
  <ItemGroup>
    <ClCompile Include="main.cpp">
      <Filter>Source Files</Filter>
    </ClCompile>
    <ClCompile Include="Debug.cpp">
      <Filter>Source Files</Filter>
    </ClCompile>
    <ClCompile Include="Client.cpp">
      <Filter>Source Files\chat\server</Filter>
    </ClCompile>
    <ClCompile Include="ChatServer.cpp">
      <Filter>Source Files\chat\server</Filter>
    </ClCompile>
    <ClCompile Include="ChatClient.cpp">
      <Filter>Source Files\chat\client</Filter>
    </ClCompile>
    <ClCompile Include="Chat.cpp">
      <Filter>Source Files\chat</Filter>
    </ClCompile>
    <ClCompile Include="..\space_2\jsoncpp.cpp">
      <Filter>Source Files\libs\json</Filter>
    </ClCompile>
  </ItemGroup>
  <ItemGroup>
    <ClInclude Include="Debug.h">
      <Filter>Header Files</Filter>
    </ClInclude>
    <ClInclude Include="ChatServer.h">
      <Filter>Header Files\chat\server</Filter>
    </ClInclude>
    <ClInclude Include="ChatClient.h">
      <Filter>Header Files\chat\client</Filter>
    </ClInclude>
    <ClInclude Include="Client.h">
      <Filter>Header Files\chat\server</Filter>
    </ClInclude>
    <ClInclude Include="Chat.h">
      <Filter>Header Files\chat</Filter>
    </ClInclude>
    <ClInclude Include="..\space_2\json.h">
      <Filter>Header Files\libs\json</Filter>
    </ClInclude>
    <ClInclude Include="..\space_2\json-forwards.h">
      <Filter>Header Files\libs\json</Filter>
    </ClInclude>
  </ItemGroup>
</Project>