
Microsoft Visual Studio Solution File, Format Version 11.00
# Visual Studio 2010
Project("{8BC9CEB8-8B4A-11D0-8D11-00A0C91BC942}") = "space_2", "space_2\space_2.vcxproj", "{39970792-E322-49B6-9602-522FBE2B83D7}"
EndProject
Project("{8BC9CEB8-8B4A-11D0-8D11-00A0C91BC942}") = "mkkutil", "mkkutil\mkkutil.vcxproj", "{F1652955-E0EC-4E48-AD83-1D65CC7EE3B6}"
EndProject
Project("{8BC9CEB8-8B4A-11D0-8D11-00A0C91BC942}") = "chatserver", "chatserver\chatserver.vcxproj", "{F901F842-9346-4E18-A167-DB7834962432}"
EndProject
Global
	GlobalSection(SolutionConfigurationPlatforms) = preSolution
		Debug|Any CPU = Debug|Any CPU
		Debug|Mixed Platforms = Debug|Mixed Platforms
		Debug|Win32 = Debug|Win32
		Release SFML 2.0|Any CPU = Release SFML 2.0|Any CPU
		Release SFML 2.0|Mixed Platforms = Release SFML 2.0|Mixed Platforms
		Release SFML 2.0|Win32 = Release SFML 2.0|Win32
		Release SFML 2.1|Any CPU = Release SFML 2.1|Any CPU
		Release SFML 2.1|Mixed Platforms = Release SFML 2.1|Mixed Platforms
		Release SFML 2.1|Win32 = Release SFML 2.1|Win32
	EndGlobalSection
	GlobalSection(ProjectConfigurationPlatforms) = postSolution
		{39970792-E322-49B6-9602-522FBE2B83D7}.Debug|Any CPU.ActiveCfg = Debug|Win32
		{39970792-E322-49B6-9602-522FBE2B83D7}.Debug|Mixed Platforms.ActiveCfg = Debug|Win32
		{39970792-E322-49B6-9602-522FBE2B83D7}.Debug|Mixed Platforms.Build.0 = Debug|Win32
		{39970792-E322-49B6-9602-522FBE2B83D7}.Debug|Win32.ActiveCfg = Debug|Win32
		{39970792-E322-49B6-9602-522FBE2B83D7}.Debug|Win32.Build.0 = Debug|Win32
		{39970792-E322-49B6-9602-522FBE2B83D7}.Release SFML 2.0|Any CPU.ActiveCfg = Release SFML 2.0|Win32
		{39970792-E322-49B6-9602-522FBE2B83D7}.Release SFML 2.0|Any CPU.Build.0 = Release SFML 2.0|Win32
		{39970792-E322-49B6-9602-522FBE2B83D7}.Release SFML 2.0|Mixed Platforms.ActiveCfg = Release SFML 2.0|Win32
		{39970792-E322-49B6-9602-522FBE2B83D7}.Release SFML 2.0|Mixed Platforms.Build.0 = Release SFML 2.0|Win32
		{39970792-E322-49B6-9602-522FBE2B83D7}.Release SFML 2.0|Win32.ActiveCfg = Release SFML 2.0|Win32
		{39970792-E322-49B6-9602-522FBE2B83D7}.Release SFML 2.0|Win32.Build.0 = Release SFML 2.0|Win32
		{39970792-E322-49B6-9602-522FBE2B83D7}.Release SFML 2.1|Any CPU.ActiveCfg = Release SFML 2.1|Win32
		{39970792-E322-49B6-9602-522FBE2B83D7}.Release SFML 2.1|Any CPU.Build.0 = Release SFML 2.1|Win32
		{39970792-E322-49B6-9602-522FBE2B83D7}.Release SFML 2.1|Mixed Platforms.ActiveCfg = Release SFML 2.1|Win32
		{39970792-E322-49B6-9602-522FBE2B83D7}.Release SFML 2.1|Mixed Platforms.Build.0 = Release SFML 2.1|Win32
		{39970792-E322-49B6-9602-522FBE2B83D7}.Release SFML 2.1|Win32.ActiveCfg = Release SFML 2.1|Win32
		{39970792-E322-49B6-9602-522FBE2B83D7}.Release SFML 2.1|Win32.Build.0 = Release SFML 2.1|Win32
		{F1652955-E0EC-4E48-AD83-1D65CC7EE3B6}.Debug|Any CPU.ActiveCfg = Debug|Win32
		{F1652955-E0EC-4E48-AD83-1D65CC7EE3B6}.Debug|Mixed Platforms.ActiveCfg = Debug|Win32
		{F1652955-E0EC-4E48-AD83-1D65CC7EE3B6}.Debug|Mixed Platforms.Build.0 = Debug|Win32
		{F1652955-E0EC-4E48-AD83-1D65CC7EE3B6}.Debug|Win32.ActiveCfg = Debug|Win32
		{F1652955-E0EC-4E48-AD83-1D65CC7EE3B6}.Debug|Win32.Build.0 = Debug|Win32
		{F1652955-E0EC-4E48-AD83-1D65CC7EE3B6}.Release SFML 2.0|Any CPU.ActiveCfg = Release SFML 2.0|Win32
		{F1652955-E0EC-4E48-AD83-1D65CC7EE3B6}.Release SFML 2.0|Any CPU.Build.0 = Release SFML 2.0|Win32
		{F1652955-E0EC-4E48-AD83-1D65CC7EE3B6}.Release SFML 2.0|Mixed Platforms.ActiveCfg = Release SFML 2.0|Win32
		{F1652955-E0EC-4E48-AD83-1D65CC7EE3B6}.Release SFML 2.0|Mixed Platforms.Build.0 = Release SFML 2.0|Win32
		{F1652955-E0EC-4E48-AD83-1D65CC7EE3B6}.Release SFML 2.0|Win32.ActiveCfg = Release SFML 2.0|Win32
		{F1652955-E0EC-4E48-AD83-1D65CC7EE3B6}.Release SFML 2.0|Win32.Build.0 = Release SFML 2.0|Win32
		{F1652955-E0EC-4E48-AD83-1D65CC7EE3B6}.Release SFML 2.1|Any CPU.ActiveCfg = Release SFML 2.1|Win32
		{F1652955-E0EC-4E48-AD83-1D65CC7EE3B6}.Release SFML 2.1|Any CPU.Build.0 = Release SFML 2.1|Win32
		{F1652955-E0EC-4E48-AD83-1D65CC7EE3B6}.Release SFML 2.1|Mixed Platforms.ActiveCfg = Release SFML 2.1|Win32
		{F1652955-E0EC-4E48-AD83-1D65CC7EE3B6}.Release SFML 2.1|Mixed Platforms.Build.0 = Release SFML 2.1|Win32
		{F1652955-E0EC-4E48-AD83-1D65CC7EE3B6}.Release SFML 2.1|Win32.ActiveCfg = Release SFML 2.1|Win32
		{F1652955-E0EC-4E48-AD83-1D65CC7EE3B6}.Release SFML 2.1|Win32.Build.0 = Release SFML 2.1|Win32
		{F901F842-9346-4E18-A167-DB7834962432}.Debug|Any CPU.ActiveCfg = Debug|Win32
		{F901F842-9346-4E18-A167-DB7834962432}.Debug|Mixed Platforms.ActiveCfg = Debug|Win32
		{F901F842-9346-4E18-A167-DB7834962432}.Debug|Mixed Platforms.Build.0 = Debug|Win32
		{F901F842-9346-4E18-A167-DB7834962432}.Debug|Win32.ActiveCfg = Debug|Win32
		{F901F842-9346-4E18-A167-DB7834962432}.Debug|Win32.Build.0 = Debug|Win32
		{F901F842-9346-4E18-A167-DB7834962432}.Release SFML 2.0|Any CPU.ActiveCfg = Release SFML 2.0|Win32
		{F901F842-9346-4E18-A167-DB7834962432}.Release SFML 2.0|Any CPU.Build.0 = Release SFML 2.0|Win32
		{F901F842-9346-4E18-A167-DB7834962432}.Release SFML 2.0|Mixed Platforms.ActiveCfg = Release SFML 2.0|Win32
		{F901F842-9346-4E18-A167-DB7834962432}.Release SFML 2.0|Mixed Platforms.Build.0 = Release SFML 2.0|Win32
		{F901F842-9346-4E18-A167-DB7834962432}.Release SFML 2.0|Win32.ActiveCfg = Release SFML 2.0|Win32
		{F901F842-9346-4E18-A167-DB7834962432}.Release SFML 2.0|Win32.Build.0 = Release SFML 2.0|Win32
		{F901F842-9346-4E18-A167-DB7834962432}.Release SFML 2.1|Any CPU.ActiveCfg = Release SFML 2.1|Win32
		{F901F842-9346-4E18-A167-DB7834962432}.Release SFML 2.1|Any CPU.Build.0 = Release SFML 2.1|Win32
		{F901F842-9346-4E18-A167-DB7834962432}.Release SFML 2.1|Mixed Platforms.ActiveCfg = Release SFML 2.1|Win32
		{F901F842-9346-4E18-A167-DB7834962432}.Release SFML 2.1|Mixed Platforms.Build.0 = Release SFML 2.1|Win32
		{F901F842-9346-4E18-A167-DB7834962432}.Release SFML 2.1|Win32.ActiveCfg = Release SFML 2.1|Win32
		{F901F842-9346-4E18-A167-DB7834962432}.Release SFML 2.1|Win32.Build.0 = Release SFML 2.1|Win32
	EndGlobalSection
	GlobalSection(SolutionProperties) = preSolution
		HideSolutionNode = FALSE
	EndGlobalSection
EndGlobal
